
Microsoft Visual Studio Solution File, Format Version 12.00
# Visual Studio 15
VisualStudioVersion = 15.0.28307.489
MinimumVisualStudioVersion = 10.0.40219.1
Project("{FAE04EC0-301F-11D3-BF4B-00C04F79EFBC}") = "StudentExercises4", "StudentExercises4\StudentExercises4.csproj", "{2B319043-B53C-47BF-B9D9-59E76F1B734E}"
EndProject
Global
	GlobalSection(SolutionConfigurationPlatforms) = preSolution
		Debug|Any CPU = Debug|Any CPU
		Release|Any CPU = Release|Any CPU
	EndGlobalSection
	GlobalSection(ProjectConfigurationPlatforms) = postSolution
		{2B319043-B53C-47BF-B9D9-59E76F1B734E}.Debug|Any CPU.ActiveCfg = Debug|Any CPU
		{2B319043-B53C-47BF-B9D9-59E76F1B734E}.Debug|Any CPU.Build.0 = Debug|Any CPU
		{2B319043-B53C-47BF-B9D9-59E76F1B734E}.Release|Any CPU.ActiveCfg = Release|Any CPU
		{2B319043-B53C-47BF-B9D9-59E76F1B734E}.Release|Any CPU.Build.0 = Release|Any CPU
	EndGlobalSection
	GlobalSection(SolutionProperties) = preSolution
		HideSolutionNode = FALSE
	EndGlobalSection
	GlobalSection(ExtensibilityGlobals) = postSolution
		SolutionGuid = {C8CBF607-1445-4D40-813F-6634A0B8BC39}
	EndGlobalSection
EndGlobal
